
Microsoft Visual Studio Solution File, Format Version 12.00
# Visual Studio Version 16
VisualStudioVersion = 16.0.30330.147
MinimumVisualStudioVersion = 10.0.40219.1
Project("{9A19103F-16F7-4668-BE54-9A1E7A4F7556}") = "LambdaForums", "LambdaForums\LambdaForums.csproj", "{5A84A6A7-D1CA-4319-851B-B81419D6E0A9}"
EndProject
Project("{9A19103F-16F7-4668-BE54-9A1E7A4F7556}") = "LambdaForums.Data", "LambdaForums.Data\LambdaForums.Data.csproj", "{5A453E43-2F95-4A51-BB31-F8D098A1A57C}"
EndProject
Project("{FAE04EC0-301F-11D3-BF4B-00C04F79EFBC}") = "LambdaForums.Service", "LambdaForums.Service\LambdaForums.Service.csproj", "{89740BA7-DA03-4345-890B-06C7B28EA108}"
EndProject
Global
	GlobalSection(SolutionConfigurationPlatforms) = preSolution
		Debug|Any CPU = Debug|Any CPU
		Release|Any CPU = Release|Any CPU
	EndGlobalSection
	GlobalSection(ProjectConfigurationPlatforms) = postSolution
		{5A84A6A7-D1CA-4319-851B-B81419D6E0A9}.Debug|Any CPU.ActiveCfg = Debug|Any CPU
		{5A84A6A7-D1CA-4319-851B-B81419D6E0A9}.Debug|Any CPU.Build.0 = Debug|Any CPU
		{5A84A6A7-D1CA-4319-851B-B81419D6E0A9}.Release|Any CPU.ActiveCfg = Release|Any CPU
		{5A84A6A7-D1CA-4319-851B-B81419D6E0A9}.Release|Any CPU.Build.0 = Release|Any CPU
		{5A453E43-2F95-4A51-BB31-F8D098A1A57C}.Debug|Any CPU.ActiveCfg = Debug|Any CPU
		{5A453E43-2F95-4A51-BB31-F8D098A1A57C}.Debug|Any CPU.Build.0 = Debug|Any CPU
		{5A453E43-2F95-4A51-BB31-F8D098A1A57C}.Release|Any CPU.ActiveCfg = Release|Any CPU
		{5A453E43-2F95-4A51-BB31-F8D098A1A57C}.Release|Any CPU.Build.0 = Release|Any CPU
		{89740BA7-DA03-4345-890B-06C7B28EA108}.Debug|Any CPU.ActiveCfg = Debug|Any CPU
		{89740BA7-DA03-4345-890B-06C7B28EA108}.Debug|Any CPU.Build.0 = Debug|Any CPU
		{89740BA7-DA03-4345-890B-06C7B28EA108}.Release|Any CPU.ActiveCfg = Release|Any CPU
		{89740BA7-DA03-4345-890B-06C7B28EA108}.Release|Any CPU.Build.0 = Release|Any CPU
	EndGlobalSection
	GlobalSection(SolutionProperties) = preSolution
		HideSolutionNode = FALSE
	EndGlobalSection
	GlobalSection(ExtensibilityGlobals) = postSolution
		SolutionGuid = {FAC67996-AD15-438B-AE3E-4A9516A4A6C7}
	EndGlobalSection
EndGlobal
